// !$*UTF8*$!
{
	archiveVersion = 1;
	classes = {
	};
	objectVersion = 77;
	objects = {

/* Begin PBXBuildFile section */
		8263C43390B2319372BE55D7 /* ViewController.swift in Sources */ = {isa = PBXBuildFile; fileRef = AE78F5FB7808711F0B2933AF /* ViewController.swift */; };
		82BC23651B41A32D4A5D76F0 /* SceneDelegate.swift in Sources */ = {isa = PBXBuildFile; fileRef = 3BA69368D37986DADFFA2836 /* SceneDelegate.swift */; };
		8F3C7CB49E787707C9D13839 /* WebKit.framework in Frameworks */ = {isa = PBXBuildFile; fileRef = 734445CAE3F3EAAFDDE72F29 /* WebKit.framework */; };
		9CD584DDAB6DDCBEEF714244 /* js in Resources */ = {isa = PBXBuildFile; fileRef = 947C7EA6E76D0DF621E40CCE /* js */; };
		A81B5FFFDEF280CEEE72D183 /* AppDelegate.swift in Sources */ = {isa = PBXBuildFile; fileRef = 8F19C83169725DCC353715F2 /* AppDelegate.swift */; };
		E16F750D8777591A0BB9EDAD /* Assets.xcassets in Resources */ = {isa = PBXBuildFile; fileRef = 03BFFD691D29E09F5691C7DF /* Assets.xcassets */; };
		EDBFCF549F8091B44511E88C /* images in Resources */ = {isa = PBXBuildFile; fileRef = 1B9BAF8478C4591E7FA651B0 /* images */; };
		F401058F5DCA61D3D52E989F /* index.html in Resources */ = {isa = PBXBuildFile; fileRef = 28004E6D549970FA943C906B /* index.html */; };
/* End PBXBuildFile section */

/* Begin PBXFileReference section */
		03BFFD691D29E09F5691C7DF /* Assets.xcassets */ = {isa = PBXFileReference; lastKnownFileType = folder.assetcatalog; path = Assets.xcassets; sourceTree = "<group>"; };
		1B90CFD3AD1021723EC14042 /* Anatomy Atlas Assistant.app */ = {isa = PBXFileReference; explicitFileType = wrapper.application; includeInIndex = 0; path = "Anatomy Atlas Assistant.app"; sourceTree = BUILT_PRODUCTS_DIR; };
		1B9BAF8478C4591E7FA651B0 /* images */ = {isa = PBXFileReference; lastKnownFileType = folder; name = images; path = ../images; sourceTree = SOURCE_ROOT; };
		28004E6D549970FA943C906B /* index.html */ = {isa = PBXFileReference; lastKnownFileType = text.html; path = index.html; sourceTree = "<group>"; };
		3BA69368D37986DADFFA2836 /* SceneDelegate.swift */ = {isa = PBXFileReference; lastKnownFileType = sourcecode.swift; path = SceneDelegate.swift; sourceTree = "<group>"; };
		734445CAE3F3EAAFDDE72F29 /* WebKit.framework */ = {isa = PBXFileReference; lastKnownFileType = wrapper.framework; name = WebKit.framework; path = System/Library/Frameworks/WebKit.framework; sourceTree = SDKROOT; };
		8F19C83169725DCC353715F2 /* AppDelegate.swift */ = {isa = PBXFileReference; lastKnownFileType = sourcecode.swift; path = AppDelegate.swift; sourceTree = "<group>"; };
		947C7EA6E76D0DF621E40CCE /* js */ = {isa = PBXFileReference; lastKnownFileType = folder; name = js; path = ../js; sourceTree = SOURCE_ROOT; };
		AE78F5FB7808711F0B2933AF /* ViewController.swift */ = {isa = PBXFileReference; lastKnownFileType = sourcecode.swift; path = ViewController.swift; sourceTree = "<group>"; };
/* End PBXFileReference section */

/* Begin PBXFrameworksBuildPhase section */
		173A4AED40E5AE1C51FEBE77 /* Frameworks */ = {
			isa = PBXFrameworksBuildPhase;
			buildActionMask = 2147483647;
			files = (
				8F3C7CB49E787707C9D13839 /* WebKit.framework in Frameworks */,
			);
			runOnlyForDeploymentPostprocessing = 0;
		};
/* End PBXFrameworksBuildPhase section */

/* Begin PBXGroup section */
		51197D98983BD98C37C3C6B2 /* Sources */ = {
			isa = PBXGroup;
			children = (
				8F19C83169725DCC353715F2 /* AppDelegate.swift */,
				3BA69368D37986DADFFA2836 /* SceneDelegate.swift */,
				AE78F5FB7808711F0B2933AF /* ViewController.swift */,
			);
			path = Sources;
			sourceTree = "<group>";
		};
		7C6DE1ED6E8C71F42A2235DA /* WebContent */ = {
			isa = PBXGroup;
			children = (
				28004E6D549970FA943C906B /* index.html */,
			);
			path = WebContent;
			sourceTree = "<group>";
		};
		7E4393FCB1759719DFBD61B2 /* Frameworks */ = {
			isa = PBXGroup;
			children = (
				734445CAE3F3EAAFDDE72F29 /* WebKit.framework */,
			);
			name = Frameworks;
			sourceTree = "<group>";
		};
		A3128BCC6DADDB243F6BDCC6 = {
			isa = PBXGroup;
			children = (
				C027B2B06757797167D1FFCB /* Interactive Anatomy App */,
				A59925FC670B9EF4437AA6B8 /* Resources */,
				51197D98983BD98C37C3C6B2 /* Sources */,
				7C6DE1ED6E8C71F42A2235DA /* WebContent */,
				7E4393FCB1759719DFBD61B2 /* Frameworks */,
				CE30664EAFE4CB767EC8F41A /* Products */,
			);
			sourceTree = "<group>";
		};
		A59925FC670B9EF4437AA6B8 /* Resources */ = {
			isa = PBXGroup;
			children = (
				03BFFD691D29E09F5691C7DF /* Assets.xcassets */,
			);
			path = Resources;
			sourceTree = "<group>";
		};
		C027B2B06757797167D1FFCB /* Interactive Anatomy App */ = {
			isa = PBXGroup;
			children = (
				1B9BAF8478C4591E7FA651B0 /* images */,
				947C7EA6E76D0DF621E40CCE /* js */,
			);
			name = "Interactive Anatomy App";
			path = ..;
			sourceTree = "<group>";
		};
		CE30664EAFE4CB767EC8F41A /* Products */ = {
			isa = PBXGroup;
			children = (
				1B90CFD3AD1021723EC14042 /* Anatomy Atlas Assistant.app */,
			);
			name = Products;
			sourceTree = "<group>";
		};
/* End PBXGroup section */

/* Begin PBXNativeTarget section */
		FDAA811CC5246CA5FE8D6F0F /* AnatomyAtlasAssistant */ = {
			isa = PBXNativeTarget;
			buildConfigurationList = AD6A2812EE1728CF92980A7B /* Build configuration list for PBXNativeTarget "AnatomyAtlasAssistant" */;
			buildPhases = (
				AB6AE953BAAF9EE46AF0A03A /* Sources */,
				12CEDB13903A64DC46D0C396 /* Resources */,
				173A4AED40E5AE1C51FEBE77 /* Frameworks */,
			);
			buildRules = (
			);
			dependencies = (
			);
			name = AnatomyAtlasAssistant;
			packageProductDependencies = (
			);
			productName = AnatomyAtlasAssistant;
			productReference = 1B90CFD3AD1021723EC14042 /* Anatomy Atlas Assistant.app */;
			productType = "com.apple.product-type.application";
		};
/* End PBXNativeTarget section */

/* Begin PBXProject section */
		843266675A850E2AAB7229A1 /* Project object */ = {
			isa = PBXProject;
			attributes = {
				BuildIndependentTargetsInParallel = YES;
				LastUpgradeCheck = 1430;
				TargetAttributes = {
					FDAA811CC5246CA5FE8D6F0F = {
						ProvisioningStyle = Automatic;
					};
				};
			};
			buildConfigurationList = F5BC1BA3D3ABC504B45ED1E4 /* Build configuration list for PBXProject "AnatomyAtlasAssistant" */;
			developmentRegion = en;
			hasScannedForEncodings = 0;
			knownRegions = (
				Base,
				en,
			);
			mainGroup = A3128BCC6DADDB243F6BDCC6;
			minimizedProjectReferenceProxies = 1;
			preferredProjectObjectVersion = 77;
			productRefGroup = CE30664EAFE4CB767EC8F41A /* Products */;
			projectDirPath = "";
			projectRoot = "";
			targets = (
				FDAA811CC5246CA5FE8D6F0F /* AnatomyAtlasAssistant */,
			);
		};
/* End PBXProject section */

/* Begin PBXResourcesBuildPhase section */
		12CEDB13903A64DC46D0C396 /* Resources */ = {
			isa = PBXResourcesBuildPhase;
			buildActionMask = 2147483647;
			files = (
				E16F750D8777591A0BB9EDAD /* Assets.xcassets in Resources */,
				EDBFCF549F8091B44511E88C /* images in Resources */,
				F401058F5DCA61D3D52E989F /* index.html in Resources */,
				9CD584DDAB6DDCBEEF714244 /* js in Resources */,
			);
			runOnlyForDeploymentPostprocessing = 0;
		};
/* End PBXResourcesBuildPhase section */

/* Begin PBXSourcesBuildPhase section */
		AB6AE953BAAF9EE46AF0A03A /* Sources */ = {
			isa = PBXSourcesBuildPhase;
			buildActionMask = 2147483647;
			files = (
				A81B5FFFDEF280CEEE72D183 /* AppDelegate.swift in Sources */,
				82BC23651B41A32D4A5D76F0 /* SceneDelegate.swift in Sources */,
				8263C43390B2319372BE55D7 /* ViewController.swift in Sources */,
			);
			runOnlyForDeploymentPostprocessing = 0;
		};
/* End PBXSourcesBuildPhase section */

/* Begin XCBuildConfiguration section */
		1C608930480E62628226CBCB /* Release */ = {
			isa = XCBuildConfiguration;
			buildSettings = {
				ASSETCATALOG_COMPILER_APPICON_NAME = AppIcon;
				CODE_SIGN_IDENTITY = "iPhone Developer";
				DEVELOPMENT_TEAM = QNP44Q5Q3X;
				INFOPLIST_FILE = Resources/Info.plist;
				INFOPLIST_KEY_ITSAppUsesNonExemptEncryption = NO;
				IPHONEOS_DEPLOYMENT_TARGET = 16.0;
				LD_RUNPATH_SEARCH_PATHS = (
					"$(inherited)",
					"@executable_path/Frameworks",
				);
				MACCATALYST_DEPLOYMENT_TARGET = 13.1;
				MARKETING_VERSION = 1.1;
				PRODUCT_BUNDLE_IDENTIFIER = com.anatomyatlas.AnatomyAtlas;
				PRODUCT_NAME = "Anatomy Atlas Assistant";
				SDKROOT = iphoneos;
				SUPPORTS_MAC_CATALYST = YES;
				TARGETED_DEVICE_FAMILY = "1,2";
			};
			name = Release;
		};
		202591DFB85940AF8B402DFA /* Debug */ = {
			isa = XCBuildConfiguration;
			buildSettings = {
				ASSETCATALOG_COMPILER_APPICON_NAME = AppIcon;
				CODE_SIGN_IDENTITY = "iPhone Developer";
				DEVELOPMENT_TEAM = QNP44Q5Q3X;
				INFOPLIST_FILE = Resources/Info.plist;
				INFOPLIST_KEY_ITSAppUsesNonExemptEncryption = NO;
				IPHONEOS_DEPLOYMENT_TARGET = 16.0;
				LD_RUNPATH_SEARCH_PATHS = (
					"$(inherited)",
					"@executable_path/Frameworks",
				);
				MACCATALYST_DEPLOYMENT_TARGET = 13.1;
				MARKETING_VERSION = 1.1;
				PRODUCT_BUNDLE_IDENTIFIER = com.anatomyatlas.AnatomyAtlas;
				PRODUCT_NAME = "Anatomy Atlas Assistant";
				SDKROOT = iphoneos;
				SUPPORTS_MAC_CATALYST = YES;
				TARGETED_DEVICE_FAMILY = "1,2";
			};
			name = Debug;
		};
		8BAB93135DD92017E081872A /* Debug */ = {
			isa = XCBuildConfiguration;
			buildSettings = {
				ALWAYS_SEARCH_USER_PATHS = NO;
				CLANG_ANALYZER_NONNULL = YES;
				CLANG_ANALYZER_NUMBER_OBJECT_CONVERSION = YES_AGGRESSIVE;
				CLANG_CXX_LANGUAGE_STANDARD = "gnu++14";
				CLANG_CXX_LIBRARY = "libc++";
				CLANG_ENABLE_MODULES = YES;
				CLANG_ENABLE_OBJC_ARC = YES;
				CLANG_ENABLE_OBJC_WEAK = YES;
				CLANG_WARN_BLOCK_CAPTURE_AUTORELEASING = YES;
				CLANG_WARN_BOOL_CONVERSION = YES;
				CLANG_WARN_COMMA = YES;
				CLANG_WARN_CONSTANT_CONVERSION = YES;
				CLANG_WARN_DEPRECATED_OBJC_IMPLEMENTATIONS = YES;
				CLANG_WARN_DIRECT_OBJC_ISA_USAGE = YES_ERROR;
				CLANG_WARN_DOCUMENTATION_COMMENTS = YES;
				CLANG_WARN_EMPTY_BODY = YES;
				CLANG_WARN_ENUM_CONVERSION = YES;
				CLANG_WARN_INFINITE_RECURSION = YES;
				CLANG_WARN_INT_CONVERSION = YES;
				CLANG_WARN_NON_LITERAL_NULL_CONVERSION = YES;
				CLANG_WARN_OBJC_IMPLICIT_RETAIN_SELF = YES;
				CLANG_WARN_OBJC_LITERAL_CONVERSION = YES;
				CLANG_WARN_OBJC_ROOT_CLASS = YES_ERROR;
				CLANG_WARN_QUOTED_INCLUDE_IN_FRAMEWORK_HEADER = YES;
				CLANG_WARN_RANGE_LOOP_ANALYSIS = YES;
				CLANG_WARN_STRICT_PROTOTYPES = YES;
				CLANG_WARN_SUSPICIOUS_MOVE = YES;
				CLANG_WARN_UNGUARDED_AVAILABILITY = YES_AGGRESSIVE;
				CLANG_WARN_UNREACHABLE_CODE = YES;
				CLANG_WARN__DUPLICATE_METHOD_MATCH = YES;
				CODE_SIGN_STYLE = Automatic;
				COPY_PHASE_STRIP = NO;
				DEBUG_INFORMATION_FORMAT = dwarf;
				DEVELOPMENT_TEAM = "";
				ENABLE_BITCODE = NO;
				ENABLE_STRICT_OBJC_MSGSEND = YES;
				ENABLE_TESTABILITY = YES;
				GCC_C_LANGUAGE_STANDARD = gnu11;
				GCC_DYNAMIC_NO_PIC = NO;
				GCC_NO_COMMON_BLOCKS = YES;
				GCC_OPTIMIZATION_LEVEL = 0;
				GCC_PREPROCESSOR_DEFINITIONS = (
					"$(inherited)",
					"DEBUG=1",
				);
				GCC_WARN_64_TO_32_BIT_CONVERSION = YES;
				GCC_WARN_ABOUT_RETURN_TYPE = YES_ERROR;
				GCC_WARN_UNDECLARED_SELECTOR = YES;
				GCC_WARN_UNINITIALIZED_AUTOS = YES_AGGRESSIVE;
				GCC_WARN_UNUSED_FUNCTION = YES;
				GCC_WARN_UNUSED_VARIABLE = YES;
				IPHONEOS_DEPLOYMENT_TARGET = 16.0;
				MTL_ENABLE_DEBUG_INFO = INCLUDE_SOURCE;
				MTL_FAST_MATH = YES;
				ONLY_ACTIVE_ARCH = YES;
				PRODUCT_NAME = "$(TARGET_NAME)";
				SDKROOT = iphoneos;
				SUPPORTS_MAC_CATALYST = YES;
				SWIFT_ACTIVE_COMPILATION_CONDITIONS = DEBUG;
				SWIFT_OPTIMIZATION_LEVEL = "-Onone";
				SWIFT_VERSION = 5.9;
			};
			name = Debug;
		};
		BB1C46406CDF6BA2C61563C8 /* Release */ = {
			isa = XCBuildConfiguration;
			buildSettings = {
				ALWAYS_SEARCH_USER_PATHS = NO;
				CLANG_ANALYZER_NONNULL = YES;
				CLANG_ANALYZER_NUMBER_OBJECT_CONVERSION = YES_AGGRESSIVE;
				CLANG_CXX_LANGUAGE_STANDARD = "gnu++14";
				CLANG_CXX_LIBRARY = "libc++";
				CLANG_ENABLE_MODULES = YES;
				CLANG_ENABLE_OBJC_ARC = YES;
				CLANG_ENABLE_OBJC_WEAK = YES;
				CLANG_WARN_BLOCK_CAPTURE_AUTORELEASING = YES;
				CLANG_WARN_BOOL_CONVERSION = YES;
				CLANG_WARN_COMMA = YES;
				CLANG_WARN_CONSTANT_CONVERSION = YES;
				CLANG_WARN_DEPRECATED_OBJC_IMPLEMENTATIONS = YES;
				CLANG_WARN_DIRECT_OBJC_ISA_USAGE = YES_ERROR;
				CLANG_WARN_DOCUMENTATION_COMMENTS = YES;
				CLANG_WARN_EMPTY_BODY = YES;
				CLANG_WARN_ENUM_CONVERSION = YES;
				CLANG_WARN_INFINITE_RECURSION = YES;
				CLANG_WARN_INT_CONVERSION = YES;
				CLANG_WARN_NON_LITERAL_NULL_CONVERSION = YES;
				CLANG_WARN_OBJC_IMPLICIT_RETAIN_SELF = YES;
				CLANG_WARN_OBJC_LITERAL_CONVERSION = YES;
				CLANG_WARN_OBJC_ROOT_CLASS = YES_ERROR;
				CLANG_WARN_QUOTED_INCLUDE_IN_FRAMEWORK_HEADER = YES;
				CLANG_WARN_RANGE_LOOP_ANALYSIS = YES;
				CLANG_WARN_STRICT_PROTOTYPES = YES;
				CLANG_WARN_SUSPICIOUS_MOVE = YES;
				CLANG_WARN_UNGUARDED_AVAILABILITY = YES_AGGRESSIVE;
				CLANG_WARN_UNREACHABLE_CODE = YES;
				CLANG_WARN__DUPLICATE_METHOD_MATCH = YES;
				CODE_SIGN_STYLE = Automatic;
				COPY_PHASE_STRIP = NO;
				DEBUG_INFORMATION_FORMAT = "dwarf-with-dsym";
				DEVELOPMENT_TEAM = "";
				ENABLE_BITCODE = NO;
				ENABLE_NS_ASSERTIONS = NO;
				ENABLE_STRICT_OBJC_MSGSEND = YES;
				GCC_C_LANGUAGE_STANDARD = gnu11;
				GCC_NO_COMMON_BLOCKS = YES;
				GCC_WARN_64_TO_32_BIT_CONVERSION = YES;
				GCC_WARN_ABOUT_RETURN_TYPE = YES_ERROR;
				GCC_WARN_UNDECLARED_SELECTOR = YES;
				GCC_WARN_UNINITIALIZED_AUTOS = YES_AGGRESSIVE;
				GCC_WARN_UNUSED_FUNCTION = YES;
				GCC_WARN_UNUSED_VARIABLE = YES;
				IPHONEOS_DEPLOYMENT_TARGET = 16.0;
				MTL_ENABLE_DEBUG_INFO = NO;
				MTL_FAST_MATH = YES;
				PRODUCT_NAME = "$(TARGET_NAME)";
				SDKROOT = iphoneos;
				SUPPORTS_MAC_CATALYST = YES;
				SWIFT_COMPILATION_MODE = wholemodule;
				SWIFT_OPTIMIZATION_LEVEL = "-O";
				SWIFT_VERSION = 5.9;
			};
			name = Release;
		};
/* End XCBuildConfiguration section */

/* Begin XCConfigurationList section */
		AD6A2812EE1728CF92980A7B /* Build configuration list for PBXNativeTarget "AnatomyAtlasAssistant" */ = {
			isa = XCConfigurationList;
			buildConfigurations = (
				202591DFB85940AF8B402DFA /* Debug */,
				1C608930480E62628226CBCB /* Release */,
			);
			defaultConfigurationIsVisible = 0;
			defaultConfigurationName = Debug;
		};
		F5BC1BA3D3ABC504B45ED1E4 /* Build configuration list for PBXProject "AnatomyAtlasAssistant" */ = {
			isa = XCConfigurationList;
			buildConfigurations = (
				8BAB93135DD92017E081872A /* Debug */,
				BB1C46406CDF6BA2C61563C8 /* Release */,
			);
			defaultConfigurationIsVisible = 0;
			defaultConfigurationName = Debug;
		};
/* End XCConfigurationList section */
	};
	rootObject = 843266675A850E2AAB7229A1 /* Project object */;
}
